
Microsoft Visual Studio Solution File, Format Version 12.00
# Visual Studio Version 16
VisualStudioVersion = 16.0.31424.327
MinimumVisualStudioVersion = 10.0.40219.1
Project("{9A19103F-16F7-4668-BE54-9A1E7A4F7556}") = "WindowsCalculator", "WindowsCalculator\WindowsCalculator.csproj", "{0815B305-9B1A-4976-97BF-A21CFBC0D3AE}"
EndProject
Project("{9A19103F-16F7-4668-BE54-9A1E7A4F7556}") = "BlazorServerAssignment", "BlazorServerAssignment\BlazorServerAssignment.csproj", "{E55BA6CE-A52C-42E5-BE8F-B1AF163D9043}"
EndProject
Project("{9A19103F-16F7-4668-BE54-9A1E7A4F7556}") = "BlazorWasamAssignment", "BlazorWasamAssignment\BlazorWasamAssignment.csproj", "{7646BD24-5EFA-45B7-B949-84D4C6AC58BD}"
EndProject
Global
	GlobalSection(SolutionConfigurationPlatforms) = preSolution
		Debug|Any CPU = Debug|Any CPU
		Release|Any CPU = Release|Any CPU
	EndGlobalSection
	GlobalSection(ProjectConfigurationPlatforms) = postSolution
		{0815B305-9B1A-4976-97BF-A21CFBC0D3AE}.Debug|Any CPU.ActiveCfg = Debug|Any CPU
		{0815B305-9B1A-4976-97BF-A21CFBC0D3AE}.Debug|Any CPU.Build.0 = Debug|Any CPU
		{0815B305-9B1A-4976-97BF-A21CFBC0D3AE}.Release|Any CPU.ActiveCfg = Release|Any CPU
		{0815B305-9B1A-4976-97BF-A21CFBC0D3AE}.Release|Any CPU.Build.0 = Release|Any CPU
		{E55BA6CE-A52C-42E5-BE8F-B1AF163D9043}.Debug|Any CPU.ActiveCfg = Debug|Any CPU
		{E55BA6CE-A52C-42E5-BE8F-B1AF163D9043}.Debug|Any CPU.Build.0 = Debug|Any CPU
		{E55BA6CE-A52C-42E5-BE8F-B1AF163D9043}.Release|Any CPU.ActiveCfg = Release|Any CPU
		{E55BA6CE-A52C-42E5-BE8F-B1AF163D9043}.Release|Any CPU.Build.0 = Release|Any CPU
		{7646BD24-5EFA-45B7-B949-84D4C6AC58BD}.Debug|Any CPU.ActiveCfg = Debug|Any CPU
		{7646BD24-5EFA-45B7-B949-84D4C6AC58BD}.Debug|Any CPU.Build.0 = Debug|Any CPU
		{7646BD24-5EFA-45B7-B949-84D4C6AC58BD}.Release|Any CPU.ActiveCfg = Release|Any CPU
		{7646BD24-5EFA-45B7-B949-84D4C6AC58BD}.Release|Any CPU.Build.0 = Release|Any CPU
	EndGlobalSection
	GlobalSection(SolutionProperties) = preSolution
		HideSolutionNode = FALSE
	EndGlobalSection
	GlobalSection(ExtensibilityGlobals) = postSolution
		SolutionGuid = {3EB23287-DACC-4CB0-8958-6E0F77B25AE4}
	EndGlobalSection
EndGlobal
